
Microsoft Visual Studio Solution File, Format Version 12.00
# Visual Studio 2013
VisualStudioVersion = 12.0.21005.1
MinimumVisualStudioVersion = 10.0.40219.1
Project("{FAE04EC0-301F-11D3-BF4B-00C04F79EFBC}") = "WorkFlowTest", "WorkFlowTest\WorkFlowTest.csproj", "{15111F02-02BD-4639-893C-C939ADFC367D}"
EndProject
Project("{FAE04EC0-301F-11D3-BF4B-00C04F79EFBC}") = "WorkFlow", "WorkFlow\WorkFlow.csproj", "{BAC6D2B4-8F6F-4B9A-9E6B-C245B31AE43F}"
EndProject
Project("{FAE04EC0-301F-11D3-BF4B-00C04F79EFBC}") = "WorkFlowClient", "WorkFlowClient\WorkFlowClient.csproj", "{F546445F-1FCD-4442-ACA1-2F7E932A8286}"
EndProject
Project("{FAE04EC0-301F-11D3-BF4B-00C04F79EFBC}") = "WorkFlowTestException", "WorkFlowTestException\WorkFlowTestException.csproj", "{0A285418-EEA9-48DE-8A0D-73A161DA9DE5}"
EndProject
Global
	GlobalSection(SolutionConfigurationPlatforms) = preSolution
		Debug|Any CPU = Debug|Any CPU
		DESENVOLVIMENTO|Any CPU = DESENVOLVIMENTO|Any CPU
		Release|Any CPU = Release|Any CPU
		TESTE|Any CPU = TESTE|Any CPU
	EndGlobalSection
	GlobalSection(ProjectConfigurationPlatforms) = postSolution
		{15111F02-02BD-4639-893C-C939ADFC367D}.Debug|Any CPU.ActiveCfg = Debug|Any CPU
		{15111F02-02BD-4639-893C-C939ADFC367D}.Debug|Any CPU.Build.0 = Debug|Any CPU
		{15111F02-02BD-4639-893C-C939ADFC367D}.DESENVOLVIMENTO|Any CPU.ActiveCfg = Debug|Any CPU
		{15111F02-02BD-4639-893C-C939ADFC367D}.DESENVOLVIMENTO|Any CPU.Build.0 = Debug|Any CPU
		{15111F02-02BD-4639-893C-C939ADFC367D}.Release|Any CPU.ActiveCfg = Release|Any CPU
		{15111F02-02BD-4639-893C-C939ADFC367D}.Release|Any CPU.Build.0 = Release|Any CPU
		{15111F02-02BD-4639-893C-C939ADFC367D}.TESTE|Any CPU.ActiveCfg = Release|Any CPU
		{15111F02-02BD-4639-893C-C939ADFC367D}.TESTE|Any CPU.Build.0 = Release|Any CPU
		{BAC6D2B4-8F6F-4B9A-9E6B-C245B31AE43F}.Debug|Any CPU.ActiveCfg = Debug|Any CPU
		{BAC6D2B4-8F6F-4B9A-9E6B-C245B31AE43F}.Debug|Any CPU.Build.0 = Debug|Any CPU
		{BAC6D2B4-8F6F-4B9A-9E6B-C245B31AE43F}.DESENVOLVIMENTO|Any CPU.ActiveCfg = DESENVOLVIMENTO|Any CPU
		{BAC6D2B4-8F6F-4B9A-9E6B-C245B31AE43F}.DESENVOLVIMENTO|Any CPU.Build.0 = DESENVOLVIMENTO|Any CPU
		{BAC6D2B4-8F6F-4B9A-9E6B-C245B31AE43F}.Release|Any CPU.ActiveCfg = Release|Any CPU
		{BAC6D2B4-8F6F-4B9A-9E6B-C245B31AE43F}.Release|Any CPU.Build.0 = Release|Any CPU
		{BAC6D2B4-8F6F-4B9A-9E6B-C245B31AE43F}.TESTE|Any CPU.ActiveCfg = TESTE|Any CPU
		{BAC6D2B4-8F6F-4B9A-9E6B-C245B31AE43F}.TESTE|Any CPU.Build.0 = TESTE|Any CPU
		{F546445F-1FCD-4442-ACA1-2F7E932A8286}.Debug|Any CPU.ActiveCfg = Debug|Any CPU
		{F546445F-1FCD-4442-ACA1-2F7E932A8286}.Debug|Any CPU.Build.0 = Debug|Any CPU
		{F546445F-1FCD-4442-ACA1-2F7E932A8286}.DESENVOLVIMENTO|Any CPU.ActiveCfg = Debug|Any CPU
		{F546445F-1FCD-4442-ACA1-2F7E932A8286}.DESENVOLVIMENTO|Any CPU.Build.0 = Debug|Any CPU
		{F546445F-1FCD-4442-ACA1-2F7E932A8286}.Release|Any CPU.ActiveCfg = Release|Any CPU
		{F546445F-1FCD-4442-ACA1-2F7E932A8286}.Release|Any CPU.Build.0 = Release|Any CPU
		{F546445F-1FCD-4442-ACA1-2F7E932A8286}.TESTE|Any CPU.ActiveCfg = Release|Any CPU
		{F546445F-1FCD-4442-ACA1-2F7E932A8286}.TESTE|Any CPU.Build.0 = Release|Any CPU
		{0A285418-EEA9-48DE-8A0D-73A161DA9DE5}.Debug|Any CPU.ActiveCfg = Debug|Any CPU
		{0A285418-EEA9-48DE-8A0D-73A161DA9DE5}.Debug|Any CPU.Build.0 = Debug|Any CPU
		{0A285418-EEA9-48DE-8A0D-73A161DA9DE5}.DESENVOLVIMENTO|Any CPU.ActiveCfg = Debug|Any CPU
		{0A285418-EEA9-48DE-8A0D-73A161DA9DE5}.DESENVOLVIMENTO|Any CPU.Build.0 = Debug|Any CPU
		{0A285418-EEA9-48DE-8A0D-73A161DA9DE5}.Release|Any CPU.ActiveCfg = Release|Any CPU
		{0A285418-EEA9-48DE-8A0D-73A161DA9DE5}.Release|Any CPU.Build.0 = Release|Any CPU
		{0A285418-EEA9-48DE-8A0D-73A161DA9DE5}.TESTE|Any CPU.ActiveCfg = Release|Any CPU
		{0A285418-EEA9-48DE-8A0D-73A161DA9DE5}.TESTE|Any CPU.Build.0 = Release|Any CPU
	EndGlobalSection
	GlobalSection(SolutionProperties) = preSolution
		HideSolutionNode = FALSE
	EndGlobalSection
EndGlobal
